
Microsoft Visual Studio Solution File, Format Version 12.00
# Visual Studio Version 16
VisualStudioVersion = 16.0.31729.503
MinimumVisualStudioVersion = 10.0.40219.1
Project("{FAE04EC0-301F-11D3-BF4B-00C04F79EFBC}") = "1-PrimeiroProjeto", "1-PrimeiroProjeto\1-PrimeiroProjeto.csproj", "{B43D6B42-AB26-4106-8AB2-C9EC83A78119}"
EndProject
Project("{9A19103F-16F7-4668-BE54-9A1E7A4F7556}") = "2-CriandoVariaveis", "2-CriandoVariaveis\2-CriandoVariaveis.csproj", "{1AD41560-F547-4746-B25B-05EE16013994}"
EndProject
Project("{9A19103F-16F7-4668-BE54-9A1E7A4F7556}") = "3-CriandoVariaveisPontoFlutuante", "3-CriandoVariaveisPontoFlutuante\3-CriandoVariaveisPontoFlutuante.csproj", "{14AA9319-CA49-46FE-8446-8C2D5D229DA3}"
EndProject
Project("{FAE04EC0-301F-11D3-BF4B-00C04F79EFBC}") = "4-ConversoesEOutrosTiposNumericos", "4-ConversoesEOutrosTiposNumericos\4-ConversoesEOutrosTiposNumericos.csproj", "{C4B9AA72-0B37-4FF8-B4FD-B1CEB833FC85}"
EndProject
Project("{FAE04EC0-301F-11D3-BF4B-00C04F79EFBC}") = "5-CaracteresETextos", "5-CaracteresETextos\5-CaracteresETextos.csproj", "{BF5AD095-16A3-4D0B-8184-1907FDAAD50B}"
EndProject
Global
	GlobalSection(SolutionConfigurationPlatforms) = preSolution
		Debug|Any CPU = Debug|Any CPU
		Release|Any CPU = Release|Any CPU
	EndGlobalSection
	GlobalSection(ProjectConfigurationPlatforms) = postSolution
		{B43D6B42-AB26-4106-8AB2-C9EC83A78119}.Debug|Any CPU.ActiveCfg = Debug|Any CPU
		{B43D6B42-AB26-4106-8AB2-C9EC83A78119}.Debug|Any CPU.Build.0 = Debug|Any CPU
		{B43D6B42-AB26-4106-8AB2-C9EC83A78119}.Release|Any CPU.ActiveCfg = Release|Any CPU
		{B43D6B42-AB26-4106-8AB2-C9EC83A78119}.Release|Any CPU.Build.0 = Release|Any CPU
		{1AD41560-F547-4746-B25B-05EE16013994}.Debug|Any CPU.ActiveCfg = Debug|Any CPU
		{1AD41560-F547-4746-B25B-05EE16013994}.Debug|Any CPU.Build.0 = Debug|Any CPU
		{1AD41560-F547-4746-B25B-05EE16013994}.Release|Any CPU.ActiveCfg = Release|Any CPU
		{1AD41560-F547-4746-B25B-05EE16013994}.Release|Any CPU.Build.0 = Release|Any CPU
		{14AA9319-CA49-46FE-8446-8C2D5D229DA3}.Debug|Any CPU.ActiveCfg = Debug|Any CPU
		{14AA9319-CA49-46FE-8446-8C2D5D229DA3}.Debug|Any CPU.Build.0 = Debug|Any CPU
		{14AA9319-CA49-46FE-8446-8C2D5D229DA3}.Release|Any CPU.ActiveCfg = Release|Any CPU
		{14AA9319-CA49-46FE-8446-8C2D5D229DA3}.Release|Any CPU.Build.0 = Release|Any CPU
		{C4B9AA72-0B37-4FF8-B4FD-B1CEB833FC85}.Debug|Any CPU.ActiveCfg = Debug|Any CPU
		{C4B9AA72-0B37-4FF8-B4FD-B1CEB833FC85}.Debug|Any CPU.Build.0 = Debug|Any CPU
		{C4B9AA72-0B37-4FF8-B4FD-B1CEB833FC85}.Release|Any CPU.ActiveCfg = Release|Any CPU
		{C4B9AA72-0B37-4FF8-B4FD-B1CEB833FC85}.Release|Any CPU.Build.0 = Release|Any CPU
		{BF5AD095-16A3-4D0B-8184-1907FDAAD50B}.Debug|Any CPU.ActiveCfg = Debug|Any CPU
		{BF5AD095-16A3-4D0B-8184-1907FDAAD50B}.Debug|Any CPU.Build.0 = Debug|Any CPU
		{BF5AD095-16A3-4D0B-8184-1907FDAAD50B}.Release|Any CPU.ActiveCfg = Release|Any CPU
		{BF5AD095-16A3-4D0B-8184-1907FDAAD50B}.Release|Any CPU.Build.0 = Release|Any CPU
	EndGlobalSection
	GlobalSection(SolutionProperties) = preSolution
		HideSolutionNode = FALSE
	EndGlobalSection
	GlobalSection(ExtensibilityGlobals) = postSolution
		SolutionGuid = {89B786C7-883F-463A-BD29-C9FF41E11ACB}
	EndGlobalSection
EndGlobal
