
Microsoft Visual Studio Solution File, Format Version 12.00
# Visual Studio Version 16
VisualStudioVersion = 16.0.31729.503
MinimumVisualStudioVersion = 10.0.40219.1
Project("{FAE04EC0-301F-11D3-BF4B-00C04F79EFBC}") = "1-PrimeiroProjeto", "1-PrimeiroProjeto\1-PrimeiroProjeto.csproj", "{B43D6B42-AB26-4106-8AB2-C9EC83A78119}"
EndProject
Project("{FAE04EC0-301F-11D3-BF4B-00C04F79EFBC}") = "2-CriandoVariaveis", "2-CriandoVariaveis\2-CriandoVariaveis.csproj", "{1AD41560-F547-4746-B25B-05EE16013994}"
EndProject
Global
	GlobalSection(SolutionConfigurationPlatforms) = preSolution
		Debug|Any CPU = Debug|Any CPU
		Release|Any CPU = Release|Any CPU
	EndGlobalSection
	GlobalSection(ProjectConfigurationPlatforms) = postSolution
		{B43D6B42-AB26-4106-8AB2-C9EC83A78119}.Debug|Any CPU.ActiveCfg = Debug|Any CPU
		{B43D6B42-AB26-4106-8AB2-C9EC83A78119}.Debug|Any CPU.Build.0 = Debug|Any CPU
		{B43D6B42-AB26-4106-8AB2-C9EC83A78119}.Release|Any CPU.ActiveCfg = Release|Any CPU
		{B43D6B42-AB26-4106-8AB2-C9EC83A78119}.Release|Any CPU.Build.0 = Release|Any CPU
		{1AD41560-F547-4746-B25B-05EE16013994}.Debug|Any CPU.ActiveCfg = Debug|Any CPU
		{1AD41560-F547-4746-B25B-05EE16013994}.Debug|Any CPU.Build.0 = Debug|Any CPU
		{1AD41560-F547-4746-B25B-05EE16013994}.Release|Any CPU.ActiveCfg = Release|Any CPU
		{1AD41560-F547-4746-B25B-05EE16013994}.Release|Any CPU.Build.0 = Release|Any CPU
	EndGlobalSection
	GlobalSection(SolutionProperties) = preSolution
		HideSolutionNode = FALSE
	EndGlobalSection
	GlobalSection(ExtensibilityGlobals) = postSolution
		SolutionGuid = {89B786C7-883F-463A-BD29-C9FF41E11ACB}
	EndGlobalSection
EndGlobal
