
Microsoft Visual Studio Solution File, Format Version 12.00
# Visual Studio Version 16
VisualStudioVersion = 16.0.31729.503
MinimumVisualStudioVersion = 10.0.40219.1
Project("{FAE04EC0-301F-11D3-BF4B-00C04F79EFBC}") = "1-PrimeiroProjeto", "1-PrimeiroProjeto\1-PrimeiroProjeto.csproj", "{B43D6B42-AB26-4106-8AB2-C9EC83A78119}"
EndProject
Project("{9A19103F-16F7-4668-BE54-9A1E7A4F7556}") = "2-CriandoVariaveis", "2-CriandoVariaveis\2-CriandoVariaveis.csproj", "{1AD41560-F547-4746-B25B-05EE16013994}"
EndProject
Project("{9A19103F-16F7-4668-BE54-9A1E7A4F7556}") = "3-CriandoVariaveisPontoFlutuante", "3-CriandoVariaveisPontoFlutuante\3-CriandoVariaveisPontoFlutuante.csproj", "{14AA9319-CA49-46FE-8446-8C2D5D229DA3}"
EndProject
Project("{FAE04EC0-301F-11D3-BF4B-00C04F79EFBC}") = "4-ConversoesEOutrosTiposNumericos", "4-ConversoesEOutrosTiposNumericos\4-ConversoesEOutrosTiposNumericos.csproj", "{C4B9AA72-0B37-4FF8-B4FD-B1CEB833FC85}"
EndProject
Project("{9A19103F-16F7-4668-BE54-9A1E7A4F7556}") = "5-CaracteresETextos", "5-CaracteresETextos\5-CaracteresETextos.csproj", "{BF5AD095-16A3-4D0B-8184-1907FDAAD50B}"
EndProject
Project("{9A19103F-16F7-4668-BE54-9A1E7A4F7556}") = "6-AtribuicaoDeVariaveis", "6-AtribuicaoDeVariaveis\6-AtribuicaoDeVariaveis.csproj", "{99930DC3-4F73-4C0E-A783-575EE0993B2B}"
EndProject
Project("{9A19103F-16F7-4668-BE54-9A1E7A4F7556}") = "7-Condicionais", "7-Condicionais\7-Condicionais.csproj", "{E30173F6-5094-47A6-83E6-72C4F75C4F45}"
EndProject
Project("{9A19103F-16F7-4668-BE54-9A1E7A4F7556}") = "8-Condicionais2", "8-Condicionais2\8-Condicionais2.csproj", "{3AEE1E7A-E127-4963-9248-7C2D8484B022}"
EndProject
Project("{9A19103F-16F7-4668-BE54-9A1E7A4F7556}") = "9-Escopo", "9-Escopo\9-Escopo.csproj", "{D91997E3-2477-40FB-A509-07E177532FA7}"
EndProject
Project("{9A19103F-16F7-4668-BE54-9A1E7A4F7556}") = "AliquoteComIfs", "AliquoteComIfs\AliquoteComIfs.csproj", "{D7BC70AF-C37C-405B-A52A-3DA7988E3464}"
EndProject
Project("{9A19103F-16F7-4668-BE54-9A1E7A4F7556}") = "p10-CalculaPoupanca", "p10-CalculaPoupanca\p10-CalculaPoupanca.csproj", "{4A856BFE-25BD-4990-912E-A984F49B3167}"
EndProject
Project("{9A19103F-16F7-4668-BE54-9A1E7A4F7556}") = "p11-CalculaPoupanca2", "p11-CalculaPoupanca2\p11-CalculaPoupanca2.csproj", "{5B7EA183-EB78-430D-931E-DB84CBB75AED}"
EndProject
Project("{9A19103F-16F7-4668-BE54-9A1E7A4F7556}") = "p12-CalculaInvestimentoLongoPrazo", "p12-CalculaInvestimentoLongoPrazo\p12-CalculaInvestimentoLongoPrazo.csproj", "{E5BAE2D9-8597-4E94-822A-9D1B5D68AC0E}"
EndProject
Project("{9A19103F-16F7-4668-BE54-9A1E7A4F7556}") = "p13-ForEncadeado", "p13-ForEncadeado\p13-ForEncadeado.csproj", "{7CAF190D-8B41-490E-A03B-05FB69B22571}"
EndProject
Project("{FAE04EC0-301F-11D3-BF4B-00C04F79EFBC}") = "LacoDeRepeticaoWhile", "LacoDeRepeticaoWhile\LacoDeRepeticaoWhile.csproj", "{62EC91DC-0934-415D-9898-0C319C469D1B}"
EndProject
Project("{FAE04EC0-301F-11D3-BF4B-00C04F79EFBC}") = "LacoDeRepetiçãoFor", "LacoDeRepetiçãoFor\LacoDeRepetiçãoFor.csproj", "{9B6F73CA-92CA-4515-96A6-3F3025E4D60E}"
EndProject
Project("{FAE04EC0-301F-11D3-BF4B-00C04F79EFBC}") = "LacoForAninhado", "LacoForAninhado\LacoForAninhado.csproj", "{B9D94A1A-127E-4FD3-A913-5D595F9B55EB}"
EndProject
Global
	GlobalSection(SolutionConfigurationPlatforms) = preSolution
		Debug|Any CPU = Debug|Any CPU
		Release|Any CPU = Release|Any CPU
	EndGlobalSection
	GlobalSection(ProjectConfigurationPlatforms) = postSolution
		{B43D6B42-AB26-4106-8AB2-C9EC83A78119}.Debug|Any CPU.ActiveCfg = Debug|Any CPU
		{B43D6B42-AB26-4106-8AB2-C9EC83A78119}.Debug|Any CPU.Build.0 = Debug|Any CPU
		{B43D6B42-AB26-4106-8AB2-C9EC83A78119}.Release|Any CPU.ActiveCfg = Release|Any CPU
		{B43D6B42-AB26-4106-8AB2-C9EC83A78119}.Release|Any CPU.Build.0 = Release|Any CPU
		{1AD41560-F547-4746-B25B-05EE16013994}.Debug|Any CPU.ActiveCfg = Debug|Any CPU
		{1AD41560-F547-4746-B25B-05EE16013994}.Debug|Any CPU.Build.0 = Debug|Any CPU
		{1AD41560-F547-4746-B25B-05EE16013994}.Release|Any CPU.ActiveCfg = Release|Any CPU
		{1AD41560-F547-4746-B25B-05EE16013994}.Release|Any CPU.Build.0 = Release|Any CPU
		{14AA9319-CA49-46FE-8446-8C2D5D229DA3}.Debug|Any CPU.ActiveCfg = Debug|Any CPU
		{14AA9319-CA49-46FE-8446-8C2D5D229DA3}.Debug|Any CPU.Build.0 = Debug|Any CPU
		{14AA9319-CA49-46FE-8446-8C2D5D229DA3}.Release|Any CPU.ActiveCfg = Release|Any CPU
		{14AA9319-CA49-46FE-8446-8C2D5D229DA3}.Release|Any CPU.Build.0 = Release|Any CPU
		{C4B9AA72-0B37-4FF8-B4FD-B1CEB833FC85}.Debug|Any CPU.ActiveCfg = Debug|Any CPU
		{C4B9AA72-0B37-4FF8-B4FD-B1CEB833FC85}.Debug|Any CPU.Build.0 = Debug|Any CPU
		{C4B9AA72-0B37-4FF8-B4FD-B1CEB833FC85}.Release|Any CPU.ActiveCfg = Release|Any CPU
		{C4B9AA72-0B37-4FF8-B4FD-B1CEB833FC85}.Release|Any CPU.Build.0 = Release|Any CPU
		{BF5AD095-16A3-4D0B-8184-1907FDAAD50B}.Debug|Any CPU.ActiveCfg = Debug|Any CPU
		{BF5AD095-16A3-4D0B-8184-1907FDAAD50B}.Debug|Any CPU.Build.0 = Debug|Any CPU
		{BF5AD095-16A3-4D0B-8184-1907FDAAD50B}.Release|Any CPU.ActiveCfg = Release|Any CPU
		{BF5AD095-16A3-4D0B-8184-1907FDAAD50B}.Release|Any CPU.Build.0 = Release|Any CPU
		{99930DC3-4F73-4C0E-A783-575EE0993B2B}.Debug|Any CPU.ActiveCfg = Debug|Any CPU
		{99930DC3-4F73-4C0E-A783-575EE0993B2B}.Debug|Any CPU.Build.0 = Debug|Any CPU
		{99930DC3-4F73-4C0E-A783-575EE0993B2B}.Release|Any CPU.ActiveCfg = Release|Any CPU
		{99930DC3-4F73-4C0E-A783-575EE0993B2B}.Release|Any CPU.Build.0 = Release|Any CPU
		{E30173F6-5094-47A6-83E6-72C4F75C4F45}.Debug|Any CPU.ActiveCfg = Debug|Any CPU
		{E30173F6-5094-47A6-83E6-72C4F75C4F45}.Debug|Any CPU.Build.0 = Debug|Any CPU
		{E30173F6-5094-47A6-83E6-72C4F75C4F45}.Release|Any CPU.ActiveCfg = Release|Any CPU
		{E30173F6-5094-47A6-83E6-72C4F75C4F45}.Release|Any CPU.Build.0 = Release|Any CPU
		{3AEE1E7A-E127-4963-9248-7C2D8484B022}.Debug|Any CPU.ActiveCfg = Debug|Any CPU
		{3AEE1E7A-E127-4963-9248-7C2D8484B022}.Debug|Any CPU.Build.0 = Debug|Any CPU
		{3AEE1E7A-E127-4963-9248-7C2D8484B022}.Release|Any CPU.ActiveCfg = Release|Any CPU
		{3AEE1E7A-E127-4963-9248-7C2D8484B022}.Release|Any CPU.Build.0 = Release|Any CPU
		{D91997E3-2477-40FB-A509-07E177532FA7}.Debug|Any CPU.ActiveCfg = Debug|Any CPU
		{D91997E3-2477-40FB-A509-07E177532FA7}.Debug|Any CPU.Build.0 = Debug|Any CPU
		{D91997E3-2477-40FB-A509-07E177532FA7}.Release|Any CPU.ActiveCfg = Release|Any CPU
		{D91997E3-2477-40FB-A509-07E177532FA7}.Release|Any CPU.Build.0 = Release|Any CPU
		{D7BC70AF-C37C-405B-A52A-3DA7988E3464}.Debug|Any CPU.ActiveCfg = Debug|Any CPU
		{D7BC70AF-C37C-405B-A52A-3DA7988E3464}.Debug|Any CPU.Build.0 = Debug|Any CPU
		{D7BC70AF-C37C-405B-A52A-3DA7988E3464}.Release|Any CPU.ActiveCfg = Release|Any CPU
		{D7BC70AF-C37C-405B-A52A-3DA7988E3464}.Release|Any CPU.Build.0 = Release|Any CPU
		{4A856BFE-25BD-4990-912E-A984F49B3167}.Debug|Any CPU.ActiveCfg = Debug|Any CPU
		{4A856BFE-25BD-4990-912E-A984F49B3167}.Debug|Any CPU.Build.0 = Debug|Any CPU
		{4A856BFE-25BD-4990-912E-A984F49B3167}.Release|Any CPU.ActiveCfg = Release|Any CPU
		{4A856BFE-25BD-4990-912E-A984F49B3167}.Release|Any CPU.Build.0 = Release|Any CPU
		{5B7EA183-EB78-430D-931E-DB84CBB75AED}.Debug|Any CPU.ActiveCfg = Debug|Any CPU
		{5B7EA183-EB78-430D-931E-DB84CBB75AED}.Debug|Any CPU.Build.0 = Debug|Any CPU
		{5B7EA183-EB78-430D-931E-DB84CBB75AED}.Release|Any CPU.ActiveCfg = Release|Any CPU
		{5B7EA183-EB78-430D-931E-DB84CBB75AED}.Release|Any CPU.Build.0 = Release|Any CPU
		{E5BAE2D9-8597-4E94-822A-9D1B5D68AC0E}.Debug|Any CPU.ActiveCfg = Debug|Any CPU
		{E5BAE2D9-8597-4E94-822A-9D1B5D68AC0E}.Debug|Any CPU.Build.0 = Debug|Any CPU
		{E5BAE2D9-8597-4E94-822A-9D1B5D68AC0E}.Release|Any CPU.ActiveCfg = Release|Any CPU
		{E5BAE2D9-8597-4E94-822A-9D1B5D68AC0E}.Release|Any CPU.Build.0 = Release|Any CPU
		{7CAF190D-8B41-490E-A03B-05FB69B22571}.Debug|Any CPU.ActiveCfg = Debug|Any CPU
		{7CAF190D-8B41-490E-A03B-05FB69B22571}.Debug|Any CPU.Build.0 = Debug|Any CPU
		{7CAF190D-8B41-490E-A03B-05FB69B22571}.Release|Any CPU.ActiveCfg = Release|Any CPU
		{7CAF190D-8B41-490E-A03B-05FB69B22571}.Release|Any CPU.Build.0 = Release|Any CPU
		{62EC91DC-0934-415D-9898-0C319C469D1B}.Debug|Any CPU.ActiveCfg = Debug|Any CPU
		{62EC91DC-0934-415D-9898-0C319C469D1B}.Debug|Any CPU.Build.0 = Debug|Any CPU
		{62EC91DC-0934-415D-9898-0C319C469D1B}.Release|Any CPU.ActiveCfg = Release|Any CPU
		{62EC91DC-0934-415D-9898-0C319C469D1B}.Release|Any CPU.Build.0 = Release|Any CPU
		{9B6F73CA-92CA-4515-96A6-3F3025E4D60E}.Debug|Any CPU.ActiveCfg = Debug|Any CPU
		{9B6F73CA-92CA-4515-96A6-3F3025E4D60E}.Debug|Any CPU.Build.0 = Debug|Any CPU
		{9B6F73CA-92CA-4515-96A6-3F3025E4D60E}.Release|Any CPU.ActiveCfg = Release|Any CPU
		{9B6F73CA-92CA-4515-96A6-3F3025E4D60E}.Release|Any CPU.Build.0 = Release|Any CPU
		{B9D94A1A-127E-4FD3-A913-5D595F9B55EB}.Debug|Any CPU.ActiveCfg = Debug|Any CPU
		{B9D94A1A-127E-4FD3-A913-5D595F9B55EB}.Debug|Any CPU.Build.0 = Debug|Any CPU
		{B9D94A1A-127E-4FD3-A913-5D595F9B55EB}.Release|Any CPU.ActiveCfg = Release|Any CPU
		{B9D94A1A-127E-4FD3-A913-5D595F9B55EB}.Release|Any CPU.Build.0 = Release|Any CPU
	EndGlobalSection
	GlobalSection(SolutionProperties) = preSolution
		HideSolutionNode = FALSE
	EndGlobalSection
	GlobalSection(ExtensibilityGlobals) = postSolution
		SolutionGuid = {89B786C7-883F-463A-BD29-C9FF41E11ACB}
	EndGlobalSection
EndGlobal
