
Microsoft Visual Studio Solution File, Format Version 12.00
# Visual Studio Version 17
VisualStudioVersion = 17.0.31815.197
MinimumVisualStudioVersion = 10.0.40219.1
Project("{9A19103F-16F7-4668-BE54-9A1E7A4F7556}") = "01-ByteBank", "01-ByteBank\01-ByteBank.csproj", "{0F97F7B5-E49C-4CFD-AC99-748BB23D4B33}"
EndProject
Project("{9A19103F-16F7-4668-BE54-9A1E7A4F7556}") = "02-ByteBank", "02-ByteBank\02-ByteBank.csproj", "{95C1DB6D-4F28-4B46-BEE9-299976EB1D86}"
EndProject
Project("{9A19103F-16F7-4668-BE54-9A1E7A4F7556}") = "03-ByteBank", "3-ByteBank\03-ByteBank.csproj", "{86E329F0-5ADF-4291-BF81-0261D95CB13B}"
EndProject
Project("{9A19103F-16F7-4668-BE54-9A1E7A4F7556}") = "04-ByteBank", "04-ByteBank\04-ByteBank.csproj", "{989120CC-4F7B-41AE-B9AD-1BDC5F0B437C}"
EndProject
Project("{FAE04EC0-301F-11D3-BF4B-00C04F79EFBC}") = "05-ByteBank", "05-ByteBank\05-ByteBank.csproj", "{CCE43F95-81E7-4014-BBC9-EA19E14D506E}"
EndProject
Global
	GlobalSection(SolutionConfigurationPlatforms) = preSolution
		Debug|Any CPU = Debug|Any CPU
		Release|Any CPU = Release|Any CPU
	EndGlobalSection
	GlobalSection(ProjectConfigurationPlatforms) = postSolution
		{0F97F7B5-E49C-4CFD-AC99-748BB23D4B33}.Debug|Any CPU.ActiveCfg = Debug|Any CPU
		{0F97F7B5-E49C-4CFD-AC99-748BB23D4B33}.Debug|Any CPU.Build.0 = Debug|Any CPU
		{0F97F7B5-E49C-4CFD-AC99-748BB23D4B33}.Release|Any CPU.ActiveCfg = Release|Any CPU
		{0F97F7B5-E49C-4CFD-AC99-748BB23D4B33}.Release|Any CPU.Build.0 = Release|Any CPU
		{95C1DB6D-4F28-4B46-BEE9-299976EB1D86}.Debug|Any CPU.ActiveCfg = Debug|Any CPU
		{95C1DB6D-4F28-4B46-BEE9-299976EB1D86}.Debug|Any CPU.Build.0 = Debug|Any CPU
		{95C1DB6D-4F28-4B46-BEE9-299976EB1D86}.Release|Any CPU.ActiveCfg = Release|Any CPU
		{95C1DB6D-4F28-4B46-BEE9-299976EB1D86}.Release|Any CPU.Build.0 = Release|Any CPU
		{86E329F0-5ADF-4291-BF81-0261D95CB13B}.Debug|Any CPU.ActiveCfg = Debug|Any CPU
		{86E329F0-5ADF-4291-BF81-0261D95CB13B}.Debug|Any CPU.Build.0 = Debug|Any CPU
		{86E329F0-5ADF-4291-BF81-0261D95CB13B}.Release|Any CPU.ActiveCfg = Release|Any CPU
		{86E329F0-5ADF-4291-BF81-0261D95CB13B}.Release|Any CPU.Build.0 = Release|Any CPU
		{989120CC-4F7B-41AE-B9AD-1BDC5F0B437C}.Debug|Any CPU.ActiveCfg = Debug|Any CPU
		{989120CC-4F7B-41AE-B9AD-1BDC5F0B437C}.Debug|Any CPU.Build.0 = Debug|Any CPU
		{989120CC-4F7B-41AE-B9AD-1BDC5F0B437C}.Release|Any CPU.ActiveCfg = Release|Any CPU
		{989120CC-4F7B-41AE-B9AD-1BDC5F0B437C}.Release|Any CPU.Build.0 = Release|Any CPU
		{CCE43F95-81E7-4014-BBC9-EA19E14D506E}.Debug|Any CPU.ActiveCfg = Debug|Any CPU
		{CCE43F95-81E7-4014-BBC9-EA19E14D506E}.Debug|Any CPU.Build.0 = Debug|Any CPU
		{CCE43F95-81E7-4014-BBC9-EA19E14D506E}.Release|Any CPU.ActiveCfg = Release|Any CPU
		{CCE43F95-81E7-4014-BBC9-EA19E14D506E}.Release|Any CPU.Build.0 = Release|Any CPU
	EndGlobalSection
	GlobalSection(SolutionProperties) = preSolution
		HideSolutionNode = FALSE
	EndGlobalSection
	GlobalSection(ExtensibilityGlobals) = postSolution
		SolutionGuid = {C021869C-B882-44E6-97A8-BD7A51C4BCAF}
	EndGlobalSection
EndGlobal
